{
  "pins" : [
    {
      "identity" : "sentry-cocoa",
      "kind" : "remoteSourceControl",
      "location" : "https://github.com/getsentry/sentry-cocoa.git",
      "state" : {
        "revision" : "9cf7d2e514af1600cc2b3c5592e2848c6c5a76d6",
        "version" : "8.7.3"
      }
    }
  ],
  "version" : 2
}
